PODS:
  - AppLovinSDK (13.6.4)
  - AppsFlyerFramework (6.17.8):
    - AppsFlyerFramework/Main (= 6.17.8)
  - AppsFlyerFramework/Main (6.17.8)
  - audioplayers_darwin (0.0.1):
    - Flutter
    - FlutterMacOS
  - FBAEMKit (18.1.1):
    - FBSDKCoreKit_Basics (= 18.1.1)
  - FBSDKCoreKit (18.1.1):
    - FBAEMKit (= 18.1.1)
    - FBSDKCoreKit_Basics (= 18.1.1)
  - FBSDKCoreKit_Basics (18.1.1)
  - Firebase/CoreOnly (12.18.0):
    - FirebaseCore (~> 12.18.0)
  - Firebase/Crashlytics (12.18.0):
    - Firebase/CoreOnly
    - FirebaseCrashlytics (~> 12.18.0)
  - firebase_analytics (12.5.0):
    - firebase_core
    - FirebaseAnalytics (= 12.18.0)
    - Flutter
  - firebase_core (4.14.0):
    - Firebase/CoreOnly (= 12.18.0)
    - Flutter
  - firebase_crashlytics (5.3.0):
    - Firebase/Crashlytics (= 12.18.0)
    - firebase_core
    - Flutter
  - FirebaseABTesting (12.18.0):
    - FirebaseCore (~> 12.18.0)
  - FirebaseAnalytics (12.18.0):
    - FirebaseAnalytics/Default (= 12.18.0)
    - FirebaseCore (~> 12.18.0)
    - FirebaseInstallations (~> 12.18.0)
    - GoogleUtilities/AppDelegateSwizzler (~> 8.1)
    - GoogleUtilities/MethodSwizzler (~> 8.1)
    - GoogleUtilities/Network (~> 8.1)
    - "GoogleUtilities/NSData+zlib (~> 8.1)"
    - nanopb (~> 3.30910.0)
  - FirebaseAnalytics/Default (12.18.0):
    - FirebaseCore (~> 12.18.0)
    - FirebaseInstallations (~> 12.18.0)
    - GoogleAppMeasurement/Default (= 12.18.0)
    - GoogleUtilities/AppDelegateSwizzler (~> 8.1)
    - GoogleUtilities/MethodSwizzler (~> 8.1)
    - GoogleUtilities/Network (~> 8.1)
    - "GoogleUtilities/NSData+zlib (~> 8.1)"
    - nanopb (~> 3.30910.0)
  - FirebaseCore (12.18.0):
    - FirebaseCoreInternal (~> 12.18.0)
    - GoogleUtilities/Environment (~> 8.1)
    - GoogleUtilities/Logger (~> 8.1)
  - FirebaseCoreExtension (12.18.0):
    - FirebaseCore (~> 12.18.0)
  - FirebaseCoreInternal (12.18.0):
    - "GoogleUtilities/NSData+zlib (~> 8.1)"
  - FirebaseCrashlytics (12.18.0):
    - FirebaseCore (~> 12.18.0)
    - FirebaseInstallations (~> 12.18.0)
    - FirebaseRemoteConfigInterop (~> 12.18.0)
    - FirebaseSessions (~> 12.18.0)
    - GoogleDataTransport (~> 10.1)
    - GoogleUtilities/Environment (~> 8.1)
    - nanopb (~> 3.30910.0)
    - PromisesObjC (~> 2.4)
  - FirebaseInstallations (12.18.0):
    - FirebaseCore (~> 12.18.0)
    - GoogleUtilities/Environment (~> 8.1)
    - GoogleUtilities/UserDefaults (~> 8.1)
    - PromisesObjC (~> 2.4)
  - FirebaseRemoteConfig (12.18.0):
    - FirebaseABTesting (~> 12.18.0)
    - FirebaseCore (~> 12.18.0)
    - FirebaseInstallations (~> 12.18.0)
    - FirebaseRemoteConfigInterop (~> 12.18.0)
    - FirebaseSharedSwift (~> 12.18.0)
    - GoogleUtilities/Environment (~> 8.1)
    - "GoogleUtilities/NSData+zlib (~> 8.1)"
  - FirebaseRemoteConfigInterop (12.18.0)
  - FirebaseSessions (12.18.0):
    - FirebaseCore (~> 12.18.0)
    - FirebaseCoreExtension (~> 12.18.0)
    - FirebaseInstallations (~> 12.18.0)
    - GoogleDataTransport (~> 10.1)
    - GoogleUtilities/Environment (~> 8.1)
    - GoogleUtilities/UserDefaults (~> 8.1)
    - nanopb (~> 3.30910.0)
    - PromisesSwift (~> 2.1)
  - FirebaseSharedSwift (12.18.0)
  - Flutter (1.0.0)
  - flutter_soloud (0.0.1):
    - Flutter
  - funtap_global_sdk (1.0.5):
    - AppLovinSDK
    - AppsFlyerFramework (= 6.17.8)
    - FBSDKCoreKit
    - FirebaseAnalytics
    - FirebaseRemoteConfig
    - Flutter
    - Google-Mobile-Ads-SDK
    - GoogleUserMessagingPlatform
    - PurchaseConnector (= 6.17.8)
  - Google-Mobile-Ads-SDK (13.10.0):
    - GoogleUserMessagingPlatform (>= 1.1)
  - GoogleAdsOnDeviceConversion (3.6.1):
    - GoogleUtilities/Environment (~> 8.1)
    - GoogleUtilities/Logger (~> 8.1)
    - GoogleUtilities/Network (~> 8.1)
    - nanopb (~> 3.30910.0)
  - GoogleAppMeasurement/Core (12.18.0):
    - GoogleUtilities/AppDelegateSwizzler (~> 8.1)
    - GoogleUtilities/MethodSwizzler (~> 8.1)
    - GoogleUtilities/Network (~> 8.1)
    - "GoogleUtilities/NSData+zlib (~> 8.1)"
    - nanopb (~> 3.30910.0)
  - GoogleAppMeasurement/Default (12.18.0):
    - GoogleAdsOnDeviceConversion (~> 3.6.0)
    - GoogleAppMeasurement/Core (= 12.18.0)
    - GoogleAppMeasurement/IdentitySupport (= 12.18.0)
    - GoogleUtilities/AppDelegateSwizzler (~> 8.1)
    - GoogleUtilities/MethodSwizzler (~> 8.1)
    - GoogleUtilities/Network (~> 8.1)
    - "GoogleUtilities/NSData+zlib (~> 8.1)"
    - nanopb (~> 3.30910.0)
  - GoogleAppMeasurement/IdentitySupport (12.18.0):
    - GoogleAppMeasurement/Core (= 12.18.0)
    - GoogleUtilities/AppDelegateSwizzler (~> 8.1)
    - GoogleUtilities/MethodSwizzler (~> 8.1)
    - GoogleUtilities/Network (~> 8.1)
    - "GoogleUtilities/NSData+zlib (~> 8.1)"
    - nanopb (~> 3.30910.0)
  - GoogleDataTransport (10.1.1):
    - nanopb (~> 3.30910.0)
    - PromisesObjC (~> 2.4)
  - GoogleUserMessagingPlatform (3.1.0)
  - GoogleUtilities/AppDelegateSwizzler (8.1.3):
    - GoogleUtilities/Environment
    - GoogleUtilities/Logger
    - GoogleUtilities/Network
    - GoogleUtilities/Privacy
  - GoogleUtilities/Environment (8.1.3):
    - GoogleUtilities/Privacy
  - GoogleUtilities/Logger (8.1.3):
    - GoogleUtilities/Environment
    - GoogleUtilities/Privacy
  - GoogleUtilities/MethodSwizzler (8.1.3):
    - GoogleUtilities/Logger
    - GoogleUtilities/Privacy
  - GoogleUtilities/Network (8.1.3):
    - GoogleUtilities/Logger
    - "GoogleUtilities/NSData+zlib"
    - GoogleUtilities/Privacy
    - GoogleUtilities/Reachability
  - "GoogleUtilities/NSData+zlib (8.1.3)":
    - GoogleUtilities/Privacy
  - GoogleUtilities/Privacy (8.1.3)
  - GoogleUtilities/Reachability (8.1.3):
    - GoogleUtilities/Logger
    - GoogleUtilities/Privacy
  - GoogleUtilities/UserDefaults (8.1.3):
    - GoogleUtilities/Logger
    - GoogleUtilities/Privacy
  - nanopb (3.30910.0):
    - nanopb/decode (= 3.30910.0)
    - nanopb/encode (= 3.30910.0)
  - nanopb/decode (3.30910.0)
  - nanopb/encode (3.30910.0)
  - PromisesObjC (2.4.1)
  - PromisesSwift (2.4.1):
    - PromisesObjC (= 2.4.1)
  - PurchaseConnector (6.17.8):
    - PurchaseConnector/Main (= 6.17.8)
  - PurchaseConnector/Main (6.17.8):
    - AppsFlyerFramework (= 6.17.8)
  - shared_preferences_foundation (0.0.1):
    - Flutter
    - FlutterMacOS

DEPENDENCIES:
  - audioplayers_darwin (from `.symlinks/plugins/audioplayers_darwin/darwin`)
  - firebase_analytics (from `.symlinks/plugins/firebase_analytics/ios`)
  - firebase_core (from `.symlinks/plugins/firebase_core/ios`)
  - firebase_crashlytics (from `.symlinks/plugins/firebase_crashlytics/ios`)
  - Flutter (from `Flutter`)
  - flutter_soloud (from `.symlinks/plugins/flutter_soloud/ios`)
  - funtap_global_sdk (from `.symlinks/plugins/funtap_global_sdk/ios`)
  - shared_preferences_foundation (from `.symlinks/plugins/shared_preferences_foundation/darwin`)

SPEC REPOS:
  trunk:
    - AppLovinSDK
    - AppsFlyerFramework
    - FBAEMKit
    - FBSDKCoreKit
    - FBSDKCoreKit_Basics
    - Firebase
    - FirebaseABTesting
    - FirebaseAnalytics
    - FirebaseCore
    - FirebaseCoreExtension
    - FirebaseCoreInternal
    - FirebaseCrashlytics
    - FirebaseInstallations
    - FirebaseRemoteConfig
    - FirebaseRemoteConfigInterop
    - FirebaseSessions
    - FirebaseSharedSwift
    - Google-Mobile-Ads-SDK
    - GoogleAdsOnDeviceConversion
    - GoogleAppMeasurement
    - GoogleDataTransport
    - GoogleUserMessagingPlatform
    - GoogleUtilities
    - nanopb
    - PromisesObjC
    - PromisesSwift
    - PurchaseConnector

EXTERNAL SOURCES:
  audioplayers_darwin:
    :path: ".symlinks/plugins/audioplayers_darwin/darwin"
  firebase_analytics:
    :path: ".symlinks/plugins/firebase_analytics/ios"
  firebase_core:
    :path: ".symlinks/plugins/firebase_core/ios"
  firebase_crashlytics:
    :path: ".symlinks/plugins/firebase_crashlytics/ios"
  Flutter:
    :path: Flutter
  flutter_soloud:
    :path: ".symlinks/plugins/flutter_soloud/ios"
  funtap_global_sdk:
    :path: ".symlinks/plugins/funtap_global_sdk/ios"
  shared_preferences_foundation:
    :path: ".symlinks/plugins/shared_preferences_foundation/darwin"

SPEC CHECKSUMS:
  AppLovinSDK: 730be87bac90c5b0f7d507c3a2530213f7685370
  AppsFlyerFramework: 63577b60d6b9fcdab60135289979e7d1c9ec79b9
  audioplayers_darwin: f15e209a3e856d1a7edcf98dc029f484fead2242
  FBAEMKit: fbb0a50e13109400d0615e7630a0db26ec6b8206
  FBSDKCoreKit: 0063014b3b1f7e975e70b60232b0cf8003839746
  FBSDKCoreKit_Basics: f4a1e0f38769eb71abaf6395b85e015318fcda49
  Firebase: 5523dd53ebe603451b4e1befcd99fa20a5c015cd
  firebase_analytics: 894010794ae817b324e9726024db763607942220
  firebase_core: 9bb8d013f9b36a31d32e34629e5348dd51d8e35e
  firebase_crashlytics: 09c4988fa79b9c8645c70f56f7c4637b8626dc5e
  FirebaseABTesting: 7060ad22592c1ae86cccf9cc0f886f470084cbd5
  FirebaseAnalytics: 651ecdc96c7dd8df0c15d55b6c6b70f78c2987b9
  FirebaseCore: 96787d19ee32dc2242cc487b301bc616afeb398b
  FirebaseCoreExtension: a86bab02524ca2bff95dddab7a3fcad505c2ddeb
  FirebaseCoreInternal: 93b2d5f9e184c6818a04433891c358b0720a6a38
  FirebaseCrashlytics: bd160cfa074ad21ed708a466e15d1928ded1642a
  FirebaseInstallations: 933b2747e8594084c9117b65e8358fce29d7ced7
  FirebaseRemoteConfig: 263cc3d8306e5ec83727bca18fc245fb7027d3ca
  FirebaseRemoteConfigInterop: 3cbd659033c3129ea81a756a52e4bf1cfc20c3a7
  FirebaseSessions: 3eaac5fd8077513b95f9723efd940438e3e35fb2
  FirebaseSharedSwift: 9d9404eea60b650d3e549898bfebbb8f665fe601
  Flutter: 71a624a5bc0c04062bf19101d501e466baf2fb47
  flutter_soloud: afb28a948107649185ab1a3a111ca050be09493f
  funtap_global_sdk: c2b8edf317e3a9c00a20032136d0dcc20784d786
  Google-Mobile-Ads-SDK: 8e764c4990ef82c2727fd32e0c4143817b443603
  GoogleAdsOnDeviceConversion: e3b71da24ff4cf01cf520756ac1c2b93c07b86ff
  GoogleAppMeasurement: d70df385587c4175fc0836c11e413d5cbcaa3c7b
  GoogleDataTransport: a24e58982ab3ba2f64d79613e027fe7f57e88539
  GoogleUserMessagingPlatform: befe603da6501006420c206222acd449bba45a9c
  GoogleUtilities: 4e0c2ad9fa0d0d18b5c4df8bf57b461cba35b0bb
  nanopb: fad817b59e0457d11a5dfbde799381cd727c1275
  PromisesObjC: 752c3227f599e3467650e47ea36f433eeb10c273
  PromisesSwift: 217dea0fd5d2ad65222a109c48698add13cc1c5b
  PurchaseConnector: 133a2818cf0c5aad7c81d1e7232ef9721221483e
  shared_preferences_foundation: 5086985c1d43c5ba4d5e69a4e8083a389e2909e6

PODFILE CHECKSUM: 12506268530a56ef71e403379c60fba519604365

COCOAPODS: 1.15.2
